
Microsoft Visual Studio Solution File, Format Version 12.00
# Visual Studio Version 17
VisualStudioVersion = 17.4.33122.133
MinimumVisualStudioVersion = 10.0.40219.1
Project("{9A19103F-16F7-4668-BE54-9A1E7A4F7556}") = "Wolt.Core", "..\Wolt.Core\Wolt.Core.csproj", "{019AE969-2B6B-4EBC-9F28-3E848173E6BA}"
EndProject
Project("{9A19103F-16F7-4668-BE54-9A1E7A4F7556}") = "Wolt.Service", "..\Wolt.Service\Wolt.Service.csproj", "{AA9C7C79-8FE3-4A72-B037-539BD82094E4}"
EndProject
Project("{9A19103F-16F7-4668-BE54-9A1E7A4F7556}") = "Wolt.App", "..\ConsoleApp9\Wolt.App.csproj", "{9566358B-F0B4-4A26-A0D9-2C1504DED1E4}"
EndProject
Global
	GlobalSection(SolutionConfigurationPlatforms) = preSolution
		Debug|Any CPU = Debug|Any CPU
		Release|Any CPU = Release|Any CPU
	EndGlobalSection
	GlobalSection(ProjectConfigurationPlatforms) = postSolution
		{019AE969-2B6B-4EBC-9F28-3E848173E6BA}.Debug|Any CPU.ActiveCfg = Debug|Any CPU
		{019AE969-2B6B-4EBC-9F28-3E848173E6BA}.Debug|Any CPU.Build.0 = Debug|Any CPU
		{019AE969-2B6B-4EBC-9F28-3E848173E6BA}.Release|Any CPU.ActiveCfg = Release|Any CPU
		{019AE969-2B6B-4EBC-9F28-3E848173E6BA}.Release|Any CPU.Build.0 = Release|Any CPU
		{AA9C7C79-8FE3-4A72-B037-539BD82094E4}.Debug|Any CPU.ActiveCfg = Debug|Any CPU
		{AA9C7C79-8FE3-4A72-B037-539BD82094E4}.Debug|Any CPU.Build.0 = Debug|Any CPU
		{AA9C7C79-8FE3-4A72-B037-539BD82094E4}.Release|Any CPU.ActiveCfg = Release|Any CPU
		{AA9C7C79-8FE3-4A72-B037-539BD82094E4}.Release|Any CPU.Build.0 = Release|Any CPU
		{9566358B-F0B4-4A26-A0D9-2C1504DED1E4}.Debug|Any CPU.ActiveCfg = Debug|Any CPU
		{9566358B-F0B4-4A26-A0D9-2C1504DED1E4}.Debug|Any CPU.Build.0 = Debug|Any CPU
		{9566358B-F0B4-4A26-A0D9-2C1504DED1E4}.Release|Any CPU.ActiveCfg = Release|Any CPU
		{9566358B-F0B4-4A26-A0D9-2C1504DED1E4}.Release|Any CPU.Build.0 = Release|Any CPU
	EndGlobalSection
	GlobalSection(SolutionProperties) = preSolution
		HideSolutionNode = FALSE
	EndGlobalSection
	GlobalSection(ExtensibilityGlobals) = postSolution
		SolutionGuid = {81EE1E3F-2D53-4570-A6DB-F3B11ED0F07D}
	EndGlobalSection
EndGlobal
